// !$*UTF8*$!
{
	archiveVersion = 1;
	classes = {
	};
	objectVersion = 46;
	objects = {

/* Begin PBXBuildFile section */
		28E6A29B1DE9D48500431DDA /* AppDelegate.swift in Sources */ = {isa = PBXBuildFile; fileRef = 28E6A29A1DE9D48500431DDA /* AppDelegate.swift */; };
		28E6A29D1DE9D48600431DDA /* ViewController.swift in Sources */ = {isa = PBXBuildFile; fileRef = 28E6A29C1DE9D48600431DDA /* ViewController.swift */; };
		28E6A2A01DE9D48600431DDA /* Main.storyboard in Resources */ = {isa = PBXBuildFile; fileRef = 28E6A29E1DE9D48600431DDA /* Main.storyboard */; };
		28E6A2A21DE9D48600431DDA /* Assets.xcassets in Resources */ = {isa = PBXBuildFile; fileRef = 28E6A2A11DE9D48600431DDA /* Assets.xcassets */; };
		28E6A2A51DE9D48600431DDA /* LaunchScreen.storyboard in Resources */ = {isa = PBXBuildFile; fileRef = 28E6A2A31DE9D48600431DDA /* LaunchScreen.storyboard */; };
/* End PBXBuildFile section */

/* Begin PBXFileReference section */
		28E6A2971DE9D48500431DDA /* ScanToFind.app */ = {isa = PBXFileReference; explicitFileType = wrapper.application; includeInIndex = 0; path = ScanToFind.app; sourceTree = BUILT_PRODUCTS_DIR; };
		28E6A29A1DE9D48500431DDA /* AppDelegate.swift */ = {isa = PBXFileReference; lastKnownFileType = sourcecode.swift; path = AppDelegate.swift; sourceTree = "<group>"; };
		28E6A29C1DE9D48600431DDA /* ViewController.swift */ = {isa = PBXFileReference; lastKnownFileType = sourcecode.swift; path = ViewController.swift; sourceTree = "<group>"; };
		28E6A29F1DE9D48600431DDA /* Base */ = {isa = PBXFileReference; lastKnownFileType = file.storyboard; name = Base; path = Base.lproj/Main.storyboard; sourceTree = "<group>"; };
		28E6A2A11DE9D48600431DDA /* Assets.xcassets */ = {isa = PBXFileReference; lastKnownFileType = folder.assetcatalog; path = Assets.xcassets; sourceTree = "<group>"; };
		28E6A2A41DE9D48600431DDA /* Base */ = {isa = PBXFileReference; lastKnownFileType = file.storyboard; name = Base; path = Base.lproj/LaunchScreen.storyboard; sourceTree = "<group>"; };
		28E6A2A61DE9D48600431DDA /* Info.plist */ = {isa = PBXFileReference; lastKnownFileType = text.plist.xml; path = Info.plist; sourceTree = "<group>"; };
/* End PBXFileReference section */

/* Begin PBXFrameworksBuildPhase section */
		28E6A2941DE9D48500431DDA /* Frameworks */ = {
			isa = PBXFrameworksBuildPhase;
			buildActionMask = 2147483647;
			files = (
			);
			runOnlyForDeploymentPostprocessing = 0;
		};
/* End PBXFrameworksBuildPhase section */

/* Begin PBXGroup section */
		28E6A28E1DE9D48500431DDA = {
			isa = PBXGroup;
			children = (
				28E6A2991DE9D48500431DDA /* ScanToFind */,
				28E6A2981DE9D48500431DDA /* Products */,
			);
			sourceTree = "<group>";
		};
		28E6A2981DE9D48500431DDA /* Products */ = {
			isa = PBXGroup;
			children = (
				28E6A2971DE9D48500431DDA /* ScanToFind.app */,
			);
			name = Products;
			sourceTree = "<group>";
		};
		28E6A2991DE9D48500431DDA /* ScanToFind */ = {
			isa = PBXGroup;
			children = (
				28E6A29A1DE9D48500431DDA /* AppDelegate.swift */,
				28E6A29C1DE9D48600431DDA /* ViewController.swift */,
				28E6A29E1DE9D48600431DDA /* Main.storyboard */,
				28E6A2A11DE9D48600431DDA /* Assets.xcassets */,
				28E6A2A31DE9D48600431DDA /* LaunchScreen.storyboard */,
				28E6A2A61DE9D48600431DDA /* Info.plist */,
			);
			path = ScanToFind;
			sourceTree = "<group>";
		};
/* End PBXGroup section */

/* Begin PBXNativeTarget section */
		28E6A2961DE9D48500431DDA /* ScanToFind */ = {
			isa = PBXNativeTarget;
			buildConfigurationList = 28E6A2A91DE9D48600431DDA /* Build configuration list for PBXNativeTarget "ScanToFind" */;
			buildPhases = (
				28E6A2931DE9D48500431DDA /* Sources */,
				28E6A2941DE9D48500431DDA /* Frameworks */,
				28E6A2951DE9D48500431DDA /* Resources */,
			);
			buildRules = (
			);
			dependencies = (
			);
			name = ScanToFind;
			productName = ScanToFind;
			productReference = 28E6A2971DE9D48500431DDA /* ScanToFind.app */;
			productType = "com.apple.product-type.application";
		};
/* End PBXNativeTarget section */

/* Begin PBXProject section */
		28E6A28F1DE9D48500431DDA /* Project object */ = {
			isa = PBXProject;
			attributes = {
				LastSwiftUpdateCheck = 0810;
				LastUpgradeCheck = 0810;
				ORGANIZATIONNAME = "Neil Vitale";
				TargetAttributes = {
					28E6A2961DE9D48500431DDA = {
						CreatedOnToolsVersion = 8.1;
						ProvisioningStyle = Automatic;
					};
				};
			};
			buildConfigurationList = 28E6A2921DE9D48500431DDA /* Build configuration list for PBXProject "ScanToFind" */;
			compatibilityVersion = "Xcode 3.2";
			developmentRegion = English;
			hasScannedForEncodings = 0;
			knownRegions = (
				en,
				Base,
			);
			mainGroup = 28E6A28E1DE9D48500431DDA;
			productRefGroup = 28E6A2981DE9D48500431DDA /* Products */;
			projectDirPath = "";
			projectRoot = "";
			targets = (
				28E6A2961DE9D48500431DDA /* ScanToFind */,
			);
		};
/* End PBXProject section */

/* Begin PBXResourcesBuildPhase section */
		28E6A2951DE9D48500431DDA /* Resources */ = {
			isa = PBXResourcesBuildPhase;
			buildActionMask = 2147483647;
			files = (
				28E6A2A51DE9D48600431DDA /* LaunchScreen.storyboard in Resources */,
				28E6A2A21DE9D48600431DDA /* Assets.xcassets in Resources */,
				28E6A2A01DE9D48600431DDA /* Main.storyboard in Resources */,
			);
			runOnlyForDeploymentPostprocessing = 0;
		};
/* End PBXResourcesBuildPhase section */

/* Begin PBXSourcesBuildPhase section */
		28E6A2931DE9D48500431DDA /* Sources */ = {
			isa = PBXSourcesBuildPhase;
			buildActionMask = 2147483647;
			files = (
				28E6A29D1DE9D48600431DDA /* ViewController.swift in Sources */,
				28E6A29B1DE9D48500431DDA /* AppDelegate.swift in Sources */,
			);
			runOnlyForDeploymentPostprocessing = 0;
		};
/* End PBXSourcesBuildPhase section */

/* Begin PBXVariantGroup section */
		28E6A29E1DE9D48600431DDA /* Main.storyboard */ = {
			isa = PBXVariantGroup;
			children = (
				28E6A29F1DE9D48600431DDA /* Base */,
			);
			name = Main.storyboard;
			sourceTree = "<group>";
		};
		28E6A2A31DE9D48600431DDA /* LaunchScreen.storyboard */ = {
			isa = PBXVariantGroup;
			children = (
				28E6A2A41DE9D48600431DDA /* Base */,
			);
			name = LaunchScreen.storyboard;
			sourceTree = "<group>";
		};
/* End PBXVariantGroup section */

/* Begin XCBuildConfiguration section */
		28E6A2A71DE9D48600431DDA /* Debug */ = {
			isa = XCBuildConfiguration;
			buildSettings = {
				ALWAYS_SEARCH_USER_PATHS = NO;
				CLANG_ANALYZER_NONNULL = YES;
				CLANG_CXX_LANGUAGE_STANDARD = "gnu++0x";
				CLANG_CXX_LIBRARY = "libc++";
				CLANG_ENABLE_MODULES = YES;
				CLANG_ENABLE_OBJC_ARC = YES;
				CLANG_WARN_BOOL_CONVERSION = YES;
				CLANG_WARN_CONSTANT_CONVERSION = YES;
				CLANG_WARN_DIRECT_OBJC_ISA_USAGE = YES_ERROR;
				CLANG_WARN_DOCUMENTATION_COMMENTS = YES;
				CLANG_WARN_EMPTY_BODY = YES;
				CLANG_WARN_ENUM_CONVERSION = YES;
				CLANG_WARN_INFINITE_RECURSION = YES;
				CLANG_WARN_INT_CONVERSION = YES;
				CLANG_WARN_OBJC_ROOT_CLASS = YES_ERROR;
				CLANG_WARN_SUSPICIOUS_MOVES = YES;
				CLANG_WARN_UNREACHABLE_CODE = YES;
				CLANG_WARN__DUPLICATE_METHOD_MATCH = YES;
				"CODE_SIGN_IDENTITY[sdk=iphoneos*]" = "iPhone Developer";
				COPY_PHASE_STRIP = NO;
				DEBUG_INFORMATION_FORMAT = dwarf;
				ENABLE_STRICT_OBJC_MSGSEND = YES;
				ENABLE_TESTABILITY = YES;
				GCC_C_LANGUAGE_STANDARD = gnu99;
				GCC_DYNAMIC_NO_PIC = NO;
				GCC_NO_COMMON_BLOCKS = YES;
				GCC_OPTIMIZATION_LEVEL = 0;
				GCC_PREPROCESSOR_DEFINITIONS = (
					"DEBUG=1",
					"$(inherited)",
				);
				GCC_WARN_64_TO_32_BIT_CONVERSION = YES;
				GCC_WARN_ABOUT_RETURN_TYPE = YES_ERROR;
				GCC_WARN_UNDECLARED_SELECTOR = YES;
				GCC_WARN_UNINITIALIZED_AUTOS = YES_AGGRESSIVE;
				GCC_WARN_UNUSED_FUNCTION = YES;
				GCC_WARN_UNUSED_VARIABLE = YES;
				IPHONEOS_DEPLOYMENT_TARGET = 10.1;
				MTL_ENABLE_DEBUG_INFO = YES;
				ONLY_ACTIVE_ARCH = YES;
				SDKROOT = iphoneos;
				SWIFT_ACTIVE_COMPILATION_CONDITIONS = DEBUG;
				SWIFT_OPTIMIZATION_LEVEL = "-Onone";
				TARGETED_DEVICE_FAMILY = "1,2";
			};
			name = Debug;
		};
		28E6A2A81DE9D48600431DDA /* Release */ = {
			isa = XCBuildConfiguration;
			buildSettings = {
				ALWAYS_SEARCH_USER_PATHS = NO;
				CLANG_ANALYZER_NONNULL = YES;
				CLANG_CXX_LANGUAGE_STANDARD = "gnu++0x";
				CLANG_CXX_LIBRARY = "libc++";
				CLANG_ENABLE_MODULES = YES;
				CLANG_ENABLE_OBJC_ARC = YES;
				CLANG_WARN_BOOL_CONVERSION = YES;
				CLANG_WARN_CONSTANT_CONVERSION = YES;
				CLANG_WARN_DIRECT_OBJC_ISA_USAGE = YES_ERROR;
				CLANG_WARN_DOCUMENTATION_COMMENTS = YES;
				CLANG_WARN_EMPTY_BODY = YES;
				CLANG_WARN_ENUM_CONVERSION = YES;
				CLANG_WARN_INFINITE_RECURSION = YES;
				CLANG_WARN_INT_CONVERSION = YES;
				CLANG_WARN_OBJC_ROOT_CLASS = YES_ERROR;
				CLANG_WARN_SUSPICIOUS_MOVES = YES;
				CLANG_WARN_UNREACHABLE_CODE = YES;
				CLANG_WARN__DUPLICATE_METHOD_MATCH = YES;
				"CODE_SIGN_IDENTITY[sdk=iphoneos*]" = "iPhone Developer";
				COPY_PHASE_STRIP = NO;
				DEBUG_INFORMATION_FORMAT = "dwarf-with-dsym";
				ENABLE_NS_ASSERTIONS = NO;
				ENABLE_STRICT_OBJC_MSGSEND = YES;
				GCC_C_LANGUAGE_STANDARD = gnu99;
				GCC_NO_COMMON_BLOCKS = YES;
				GCC_WARN_64_TO_32_BIT_CONVERSION = YES;
				GCC_WARN_ABOUT_RETURN_TYPE = YES_ERROR;
				GCC_WARN_UNDECLARED_SELECTOR = YES;
				GCC_WARN_UNINITIALIZED_AUTOS = YES_AGGRESSIVE;
				GCC_WARN_UNUSED_FUNCTION = YES;
				GCC_WARN_UNUSED_VARIABLE = YES;
				IPHONEOS_DEPLOYMENT_TARGET = 10.1;
				MTL_ENABLE_DEBUG_INFO = NO;
				SDKROOT = iphoneos;
				SWIFT_OPTIMIZATION_LEVEL = "-Owholemodule";
				TARGETED_DEVICE_FAMILY = "1,2";
				VALIDATE_PRODUCT = YES;
			};
			name = Release;
		};
		28E6A2AA1DE9D48600431DDA /* Debug */ = {
			isa = XCBuildConfiguration;
			buildSettings = {
				ASSETCATALOG_COMPILER_APPICON_NAME = AppIcon;
				INFOPLIST_FILE = ScanToFind/Info.plist;
				LD_RUNPATH_SEARCH_PATHS = "$(inherited) @executable_path/Frameworks";
				PRODUCT_BUNDLE_IDENTIFIER = com.IronYard.ScanToFind;
				PRODUCT_NAME = "$(TARGET_NAME)";
				SWIFT_VERSION = 3.0;
			};
			name = Debug;
		};
		28E6A2AB1DE9D48600431DDA /* Release */ = {
			isa = XCBuildConfiguration;
			buildSettings = {
				ASSETCATALOG_COMPILER_APPICON_NAME = AppIcon;
				INFOPLIST_FILE = ScanToFind/Info.plist;
				LD_RUNPATH_SEARCH_PATHS = "$(inherited) @executable_path/Frameworks";
				PRODUCT_BUNDLE_IDENTIFIER = com.IronYard.ScanToFind;
				PRODUCT_NAME = "$(TARGET_NAME)";
				SWIFT_VERSION = 3.0;
			};
			name = Release;
		};
/* End XCBuildConfiguration section */

/* Begin XCConfigurationList section */
		28E6A2921DE9D48500431DDA /* Build configuration list for PBXProject "ScanToFind" */ = {
			isa = XCConfigurationList;
			buildConfigurations = (
				28E6A2A71DE9D48600431DDA /* Debug */,
				28E6A2A81DE9D48600431DDA /* Release */,
			);
			defaultConfigurationIsVisible = 0;
			defaultConfigurationName = Release;
		};
		28E6A2A91DE9D48600431DDA /* Build configuration list for PBXNativeTarget "ScanToFind" */ = {
			isa = XCConfigurationList;
			buildConfigurations = (
				28E6A2AA1DE9D48600431DDA /* Debug */,
				28E6A2AB1DE9D48600431DDA /* Release */,
			);
			defaultConfigurationIsVisible = 0;
		};
/* End XCConfigurationList section */
	};
	rootObject = 28E6A28F1DE9D48500431DDA /* Project object */;
}
